<Solution>
  <Project Path="Session_2_Exercise_in_Slide/Session_2_Exercise_in_Slide.csproj" Id="0e8f09d1-a9af-4808-b4bd-b98c0354976c" />
  <Project Path="Session_3_Exercise_2_No_1/Session_3_Exercise_2_No_1.csproj" Id="5fdb14c3-8464-4d57-80ff-624c35810ce6" />
  <Project Path="Session_3_Exercise_2_No_2/Session_3_Exercise_2_No_2.csproj" Id="ee408f3f-6667-4ee8-a904-5154259f5da1" />
  <Project Path="Session_3_Exercise_2_No_3/Session_3_Exercise_2_No_3.csproj" Id="146e1008-8d1b-4d30-bf50-81c01442980f" />
  <Project Path="Session_3_Exercise_2_No_4/Session_3_Exercise_2_No_4.csproj" Id="c1efaa25-fef1-4f53-8e03-cae0a4dc9831" />
  <Project Path="Session_3_Exercise_2_No_5/Session_3_Exercise_2_No_5.csproj" Id="2fc493a5-ea66-448b-870e-908ce943992f" />
  <Project Path="Session_4_Exercise_3_CFS_No_1/Session_4_Exercise_3_CFS_No_1.csproj" Id="20189db1-ef08-432f-9439-caa1640fe462" />
  <Project Path="Session_4_Exercise_3_CFS_No_2/Session_4_Exercise_3_CFS_No_2.csproj" Id="d9d65084-d76b-43ab-8625-c683f53308e9" />
  <Project Path="Session_4_Exercise_3_CFS_No_3/Session_4_Exercise_3_CFS_No_3.csproj" Id="6850f706-1963-46eb-8660-4f0e59c0d43b" />
  <Project Path="Session_4_Exercise_3_CFS_No_4/Session_4_Exercise_3_CFS_No_4.csproj" Id="0b52d41c-f9ea-4c83-8d43-5d3ddc37af02" />
  <Project Path="Session_4_Exercise_3_PhuongTrinhBac2/Session_4_Exercise_3_PhuongTrinhBac2.csproj" Id="52f79efb-1f91-4133-8a6b-3e2ba4040543" />
  <Project Path="Session_5_CFS_No_2/Session_5_CFS_No_2.csproj" Id="73fc8eb2-afd6-4349-8000-172adce150de" />
  <Project Path="Session_5_CFS_No_3/Session_5_CFS_No_3.csproj" Id="35d6ce6b-acbf-4998-9065-19678199de4d" />
  <Project Path="Session_5_CFS_No_4/Session_5_CFS_No_4.csproj" Id="7900fc8e-b7b1-4b95-ac56-86242333dc46" />
  <Project Path="Session_5_CFS_No_6/Session_5_CFS_No_6.csproj" Id="36295bcc-5a20-4eac-a217-cf13926d8903" />
  <Project Path="Session_5_CFS_No_7/Session_5_CFS_No_7.csproj" Id="14a59d01-6020-404f-a4c3-fe1a601dcb7a" />
  <Project Path="Session_5_CFS_No_8/Session_5_CFS_No_8.csproj" Id="5b07c187-4ac7-4a39-a6f4-057825dc38fe" />
  <Project Path="Session_5_Exercise_in_Class_BangCuuChuong/Session_5_Exercise_in_Class_BangCuuChuong.csproj" Id="ff3d05fe-bfbe-4d35-b7d7-7e8cfe6472a1" />
</Solution>
