<Solution>
  <Project Path="Session_2_Exercise_in_Slide/Session_2_Exercise_in_Slide.csproj" Id="0e8f09d1-a9af-4808-b4bd-b98c0354976c" />
  <Project Path="Session_3_Exercise_2_No_1/Session_3_Exercise_2_No_1.csproj" Id="5fdb14c3-8464-4d57-80ff-624c35810ce6" />
  <Project Path="Session_3_Exercise_2_No_2/Session_3_Exercise_2_No_2.csproj" Id="ee408f3f-6667-4ee8-a904-5154259f5da1" />
  <Project Path="Session_3_Exercise_2_No_3/Session_3_Exercise_2_No_3.csproj" Id="146e1008-8d1b-4d30-bf50-81c01442980f" />
  <Project Path="Session_3_Exercise_2_No_4/Session_3_Exercise_2_No_4.csproj" Id="c1efaa25-fef1-4f53-8e03-cae0a4dc9831" />
  <Project Path="Session_3_Exercise_2_No_5/Session_3_Exercise_2_No_5.csproj" Id="2fc493a5-ea66-448b-870e-908ce943992f" />
  <Project Path="Session_4_Exercise_3_CFS_No_1/Session_4_Exercise_3_CFS_No_1.csproj" Id="20189db1-ef08-432f-9439-caa1640fe462" />
  <Project Path="Session_4_Exercise_3_CFS_No_2/Session_4_Exercise_3_CFS_No_2.csproj" Id="d9d65084-d76b-43ab-8625-c683f53308e9" />
  <Project Path="Session_4_Exercise_3_CFS_No_3/Session_4_Exercise_3_CFS_No_3.csproj" Id="6850f706-1963-46eb-8660-4f0e59c0d43b" />
  <Project Path="Session_4_Exercise_3_CFS_No_4/Session_4_Exercise_3_CFS_No_4.csproj" Id="0b52d41c-f9ea-4c83-8d43-5d3ddc37af02" />
  <Project Path="Session_4_Exercise_3_PhuongTrinhBac2/Session_4_Exercise_3_PhuongTrinhBac2.csproj" Id="52f79efb-1f91-4133-8a6b-3e2ba4040543" />
  <Project Path="Session_5_Exercise_CFS_No_1/Session_5_Exercise_CFS_No_1.csproj" Id="4b0b4703-5d40-4e42-a0e7-298ee71bf3df" />
  <Project Path="Session_5_Exercise_in_Class_BangCuuChuong/Session_5_Exercise_in_Class_BangCuuChuong.csproj" Id="ff3d05fe-bfbe-4d35-b7d7-7e8cfe6472a1" />
</Solution>
